Microsoft Visual Studio Solution File, Format Version 12.00
# Visual Studio 2012
Project("{FAE04EC0-301F-11D3-BF4B-00C04F79EFBC}") = "F0", "F0.csproj", "{EB898938-3416-49C8-B058-614D713329AA}"
EndProject
Global
	GlobalSection(SolutionConfigurationPlatforms) = preSolution
	Debug|Any CPU = Debug|Any CPU
	ExportDebug|Any CPU = ExportDebug|Any CPU
	ExportRelease|Any CPU = ExportRelease|Any CPU
	EndGlobalSection
	GlobalSection(ProjectConfigurationPlatforms) = postSolution
		{EB898938-3416-49C8-B058-614D713329AA}.Debug|Any CPU.ActiveCfg = Debug|Any CPU
		{EB898938-3416-49C8-B058-614D713329AA}.Debug|Any CPU.Build.0 = Debug|Any CPU
		{EB898938-3416-49C8-B058-614D713329AA}.ExportDebug|Any CPU.ActiveCfg = ExportDebug|Any CPU
		{EB898938-3416-49C8-B058-614D713329AA}.ExportDebug|Any CPU.Build.0 = ExportDebug|Any CPU
		{EB898938-3416-49C8-B058-614D713329AA}.ExportRelease|Any CPU.ActiveCfg = ExportRelease|Any CPU
		{EB898938-3416-49C8-B058-614D713329AA}.ExportRelease|Any CPU.Build.0 = ExportRelease|Any CPU
	EndGlobalSection
EndGlobal
